
Microsoft Visual Studio Solution File, Format Version 12.00
# Visual Studio Version 16
VisualStudioVersion = 16.0.30907.101
MinimumVisualStudioVersion = 10.0.40219.1
Project("{9A19103F-16F7-4668-BE54-9A1E7A4F7556}") = "Entities", "Entities\Entities.csproj", "{4EA69DE9-F707-47D0-867A-62DFDCC6D31B}"
EndProject
Project("{9A19103F-16F7-4668-BE54-9A1E7A4F7556}") = "DataAccess", "DataAccess\DataAccess.csproj", "{475436B8-89A3-4B4C-B295-BA138300619D}"
EndProject
Project("{9A19103F-16F7-4668-BE54-9A1E7A4F7556}") = "Business", "Business\Business.csproj", "{0E495183-C231-45D0-BF18-2AFE6D7C4BC0}"
EndProject
Project("{9A19103F-16F7-4668-BE54-9A1E7A4F7556}") = "ConsoleUI", "ConsoleUI\ConsoleUI.csproj", "{F53E3ADF-0209-4924-9277-AF38BAFADBF3}"
EndProject
Project("{9A19103F-16F7-4668-BE54-9A1E7A4F7556}") = "Core", "..\MyFinalProject\Core\Core.csproj", "{4B9B47D5-0D6E-4F61-8067-392B20390774}"
EndProject
Project("{9A19103F-16F7-4668-BE54-9A1E7A4F7556}") = "WebAPI", "WebAPI\WebAPI.csproj", "{99512F39-A19D-469A-9CAB-526CBD8C62DA}"
EndProject
Project("{2150E333-8FDC-42A3-9474-1A3956D46DE8}") = "Images", "Images", "{F3476043-24BD-4809-8154-22900B6335AE}"
EndProject
Project("{2150E333-8FDC-42A3-9474-1A3956D46DE8}") = "CarImages", "CarImages", "{B5F0AAD7-44D9-43D4-9BB4-20B39D6EB271}"
EndProject
Global
	GlobalSection(SolutionConfigurationPlatforms) = preSolution
		Debug|Any CPU = Debug|Any CPU
		Release|Any CPU = Release|Any CPU
	EndGlobalSection
	GlobalSection(ProjectConfigurationPlatforms) = postSolution
		{4EA69DE9-F707-47D0-867A-62DFDCC6D31B}.Debug|Any CPU.ActiveCfg = Debug|Any CPU
		{4EA69DE9-F707-47D0-867A-62DFDCC6D31B}.Debug|Any CPU.Build.0 = Debug|Any CPU
		{4EA69DE9-F707-47D0-867A-62DFDCC6D31B}.Release|Any CPU.ActiveCfg = Release|Any CPU
		{4EA69DE9-F707-47D0-867A-62DFDCC6D31B}.Release|Any CPU.Build.0 = Release|Any CPU
		{475436B8-89A3-4B4C-B295-BA138300619D}.Debug|Any CPU.ActiveCfg = Debug|Any CPU
		{475436B8-89A3-4B4C-B295-BA138300619D}.Debug|Any CPU.Build.0 = Debug|Any CPU
		{475436B8-89A3-4B4C-B295-BA138300619D}.Release|Any CPU.ActiveCfg = Release|Any CPU
		{475436B8-89A3-4B4C-B295-BA138300619D}.Release|Any CPU.Build.0 = Release|Any CPU
		{0E495183-C231-45D0-BF18-2AFE6D7C4BC0}.Debug|Any CPU.ActiveCfg = Debug|Any CPU
		{0E495183-C231-45D0-BF18-2AFE6D7C4BC0}.Debug|Any CPU.Build.0 = Debug|Any CPU
		{0E495183-C231-45D0-BF18-2AFE6D7C4BC0}.Release|Any CPU.ActiveCfg = Release|Any CPU
		{0E495183-C231-45D0-BF18-2AFE6D7C4BC0}.Release|Any CPU.Build.0 = Release|Any CPU
		{F53E3ADF-0209-4924-9277-AF38BAFADBF3}.Debug|Any CPU.ActiveCfg = Debug|Any CPU
		{F53E3ADF-0209-4924-9277-AF38BAFADBF3}.Debug|Any CPU.Build.0 = Debug|Any CPU
		{F53E3ADF-0209-4924-9277-AF38BAFADBF3}.Release|Any CPU.ActiveCfg = Release|Any CPU
		{F53E3ADF-0209-4924-9277-AF38BAFADBF3}.Release|Any CPU.Build.0 = Release|Any CPU
		{4B9B47D5-0D6E-4F61-8067-392B20390774}.Debug|Any CPU.ActiveCfg = Debug|Any CPU
		{4B9B47D5-0D6E-4F61-8067-392B20390774}.Debug|Any CPU.Build.0 = Debug|Any CPU
		{4B9B47D5-0D6E-4F61-8067-392B20390774}.Release|Any CPU.ActiveCfg = Release|Any CPU
		{4B9B47D5-0D6E-4F61-8067-392B20390774}.Release|Any CPU.Build.0 = Release|Any CPU
		{99512F39-A19D-469A-9CAB-526CBD8C62DA}.Debug|Any CPU.ActiveCfg = Debug|Any CPU
		{99512F39-A19D-469A-9CAB-526CBD8C62DA}.Debug|Any CPU.Build.0 = Debug|Any CPU
		{99512F39-A19D-469A-9CAB-526CBD8C62DA}.Release|Any CPU.ActiveCfg = Release|Any CPU
		{99512F39-A19D-469A-9CAB-526CBD8C62DA}.Release|Any CPU.Build.0 = Release|Any CPU
	EndGlobalSection
	GlobalSection(SolutionProperties) = preSolution
		HideSolutionNode = FALSE
	EndGlobalSection
	GlobalSection(NestedProjects) = preSolution
		{B5F0AAD7-44D9-43D4-9BB4-20B39D6EB271} = {F3476043-24BD-4809-8154-22900B6335AE}
	EndGlobalSection
	GlobalSection(ExtensibilityGlobals) = postSolution
		SolutionGuid = {8B801A48-C681-421C-BA29-3DD165E41986}
	EndGlobalSection
EndGlobal
